
Microsoft Visual Studio Solution File, Format Version 12.00
# Visual Studio 2012
Project("{E24C65DC-7377-472B-9ABA-BC803B73C61A}") = "SampleApplication", ".", "{98C17D63-7FD6-4C0D-96E6-84AAA0D29614}"
	ProjectSection(WebsiteProperties) = preProject
		TargetFrameworkMoniker = ".NETFramework,Version%3Dv4.0"
		Debug.AspNetCompiler.VirtualPath = "/SampleApplication"
		Debug.AspNetCompiler.PhysicalPath = "D:\Angular JS\SampleApplication\"
		Debug.AspNetCompiler.TargetPath = "PrecompiledWeb\SampleApplication\"
		Debug.AspNetCompiler.Updateable = "true"
		Debug.AspNetCompiler.ForceOverwrite = "true"
		Debug.AspNetCompiler.FixedNames = "false"
		Debug.AspNetCompiler.Debug = "True"
		Release.AspNetCompiler.VirtualPath = "/SampleApplication"
		Release.AspNetCompiler.PhysicalPath = "D:\Angular JS\SampleApplication\"
		Release.AspNetCompiler.TargetPath = "PrecompiledWeb\SampleApplication\"
		Release.AspNetCompiler.Updateable = "true"
		Release.AspNetCompiler.ForceOverwrite = "true"
		Release.AspNetCompiler.FixedNames = "false"
		Release.AspNetCompiler.Debug = "False"
		VWDPort = "51988"
	EndProjectSection
EndProject
Global
	GlobalSection(SolutionConfigurationPlatforms) = preSolution
		Debug|Any CPU = Debug|Any CPU
	EndGlobalSection
	GlobalSection(ProjectConfigurationPlatforms) = postSolution
		{98C17D63-7FD6-4C0D-96E6-84AAA0D29614}.Debug|Any CPU.ActiveCfg = Debug|Any CPU
		{98C17D63-7FD6-4C0D-96E6-84AAA0D29614}.Debug|Any CPU.Build.0 = Debug|Any CPU
	EndGlobalSection
	GlobalSection(SolutionProperties) = preSolution
		HideSolutionNode = FALSE
	EndGlobalSection
EndGlobal
